
Microsoft Visual Studio Solution File, Format Version 12.00
# Visual Studio Version 17
VisualStudioVersion = 17.0.31903.59
MinimumVisualStudioVersion = 10.0.40219.1
Project("{FAE04EC0-301F-11D3-BF4B-00C04F79EFBC}") = "TravelBookingPlatform.Api", "TravelBookingPlatform.Api\TravelBookingPlatform.Api.csproj", "{6BE6798A-B2BC-4EF5-992F-6F4871CF9FB2}"
EndProject
Project("{FAE04EC0-301F-11D3-BF4B-00C04F79EFBC}") = "TravelBookingPlatform.Application", "TravelBookingPlatform.Application\TravelBookingPlatform.Application.csproj", "{ED4E0377-8253-465F-A7C1-236400A22061}"
EndProject
Project("{FAE04EC0-301F-11D3-BF4B-00C04F79EFBC}") = "TravelBookingPlatform.Domain", "TravelBookingPlatform.Domain\TravelBookingPlatform.Domain.csproj", "{E7AF4D63-E69F-45CA-9D27-A0FF455967EC}"
EndProject
Project("{FAE04EC0-301F-11D3-BF4B-00C04F79EFBC}") = "TravelBookingPlatform.Infrastructure", "TravelBookingPlatform.Infrastructure\TravelBookingPlatform.Infrastructure.csproj", "{41142D08-F8BC-428F-AA6A-ED6894518AC4}"
EndProject
Project("{FAE04EC0-301F-11D3-BF4B-00C04F79EFBC}") = "TravelBookingPlatform.Shared", "TravelBookingPlatform.Shared\TravelBookingPlatform.Shared.csproj", "{8AB51BEF-4C6E-47B9-AE01-54053818652A}"
EndProject
Project("{2150E333-8FDC-42A3-9474-1A3956D46DE8}") = "tests", "tests", "{EBB45721-2C40-42C6-9304-33C8555B8950}"
EndProject
Project("{FAE04EC0-301F-11D3-BF4B-00C04F79EFBC}") = "TABP.Architecture.Tests", "tests\TABP.Architecture.Tests\TABP.Architecture.Tests.csproj", "{B1D6B66C-C9C7-4376-9020-8A641A02F868}"
EndProject
Global
	GlobalSection(SolutionConfigurationPlatforms) = preSolution
		Debug|Any CPU = Debug|Any CPU
		Release|Any CPU = Release|Any CPU
	EndGlobalSection
	GlobalSection(SolutionProperties) = preSolution
		HideSolutionNode = FALSE
	EndGlobalSection
	GlobalSection(ProjectConfigurationPlatforms) = postSolution
		{6BE6798A-B2BC-4EF5-992F-6F4871CF9FB2}.Debug|Any CPU.ActiveCfg = Debug|Any CPU
		{6BE6798A-B2BC-4EF5-992F-6F4871CF9FB2}.Debug|Any CPU.Build.0 = Debug|Any CPU
		{6BE6798A-B2BC-4EF5-992F-6F4871CF9FB2}.Release|Any CPU.ActiveCfg = Release|Any CPU
		{6BE6798A-B2BC-4EF5-992F-6F4871CF9FB2}.Release|Any CPU.Build.0 = Release|Any CPU
		{ED4E0377-8253-465F-A7C1-236400A22061}.Debug|Any CPU.ActiveCfg = Debug|Any CPU
		{ED4E0377-8253-465F-A7C1-236400A22061}.Debug|Any CPU.Build.0 = Debug|Any CPU
		{ED4E0377-8253-465F-A7C1-236400A22061}.Release|Any CPU.ActiveCfg = Release|Any CPU
		{ED4E0377-8253-465F-A7C1-236400A22061}.Release|Any CPU.Build.0 = Release|Any CPU
		{E7AF4D63-E69F-45CA-9D27-A0FF455967EC}.Debug|Any CPU.ActiveCfg = Debug|Any CPU
		{E7AF4D63-E69F-45CA-9D27-A0FF455967EC}.Debug|Any CPU.Build.0 = Debug|Any CPU
		{E7AF4D63-E69F-45CA-9D27-A0FF455967EC}.Release|Any CPU.ActiveCfg = Release|Any CPU
		{E7AF4D63-E69F-45CA-9D27-A0FF455967EC}.Release|Any CPU.Build.0 = Release|Any CPU
		{41142D08-F8BC-428F-AA6A-ED6894518AC4}.Debug|Any CPU.ActiveCfg = Debug|Any CPU
		{41142D08-F8BC-428F-AA6A-ED6894518AC4}.Debug|Any CPU.Build.0 = Debug|Any CPU
		{41142D08-F8BC-428F-AA6A-ED6894518AC4}.Release|Any CPU.ActiveCfg = Release|Any CPU
		{41142D08-F8BC-428F-AA6A-ED6894518AC4}.Release|Any CPU.Build.0 = Release|Any CPU
		{8AB51BEF-4C6E-47B9-AE01-54053818652A}.Debug|Any CPU.ActiveCfg = Debug|Any CPU
		{8AB51BEF-4C6E-47B9-AE01-54053818652A}.Debug|Any CPU.Build.0 = Debug|Any CPU
		{8AB51BEF-4C6E-47B9-AE01-54053818652A}.Release|Any CPU.ActiveCfg = Release|Any CPU
		{8AB51BEF-4C6E-47B9-AE01-54053818652A}.Release|Any CPU.Build.0 = Release|Any CPU
		{B1D6B66C-C9C7-4376-9020-8A641A02F868}.Debug|Any CPU.ActiveCfg = Debug|Any CPU
		{B1D6B66C-C9C7-4376-9020-8A641A02F868}.Debug|Any CPU.Build.0 = Debug|Any CPU
		{B1D6B66C-C9C7-4376-9020-8A641A02F868}.Release|Any CPU.ActiveCfg = Release|Any CPU
		{B1D6B66C-C9C7-4376-9020-8A641A02F868}.Release|Any CPU.Build.0 = Release|Any CPU
	EndGlobalSection
	GlobalSection(NestedProjects) = preSolution
		{B1D6B66C-C9C7-4376-9020-8A641A02F868} = {EBB45721-2C40-42C6-9304-33C8555B8950}
	EndGlobalSection
EndGlobal
