
Microsoft Visual Studio Solution File, Format Version 12.00
# Visual Studio Version 17
VisualStudioVersion = 17.5.002.0
MinimumVisualStudioVersion = 10.0.40219.1
Project("{9A19103F-16F7-4668-BE54-9A1E7A4F7556}") = "TravelBookingPlatform.Infrastructure", "TravelBookingPlatform.Infrastructure.csproj", "{5B836C35-6683-43A5-A174-0E9FF2E7BF32}"
EndProject
Global
	GlobalSection(SolutionConfigurationPlatforms) = preSolution
		Debug|Any CPU = Debug|Any CPU
		Release|Any CPU = Release|Any CPU
	EndGlobalSection
	GlobalSection(ProjectConfigurationPlatforms) = postSolution
		{5B836C35-6683-43A5-A174-0E9FF2E7BF32}.Debug|Any CPU.ActiveCfg = Debug|Any CPU
		{5B836C35-6683-43A5-A174-0E9FF2E7BF32}.Debug|Any CPU.Build.0 = Debug|Any CPU
		{5B836C35-6683-43A5-A174-0E9FF2E7BF32}.Release|Any CPU.ActiveCfg = Release|Any CPU
		{5B836C35-6683-43A5-A174-0E9FF2E7BF32}.Release|Any CPU.Build.0 = Release|Any CPU
	EndGlobalSection
	GlobalSection(SolutionProperties) = preSolution
		HideSolutionNode = FALSE
	EndGlobalSection
	GlobalSection(ExtensibilityGlobals) = postSolution
		SolutionGuid = {76AF7471-9E84-4B09-80F7-E00F4E0F7EA1}
	EndGlobalSection
EndGlobal
